// !$*UTF8*$!
{
	archiveVersion = 1;
	classes = {
	};
	objectVersion = 77;
	objects = {

/* Begin PBXFileReference section */
		7B1D76872CF960D4004B2848 /* SimpleArrays.xcodeproj */ = {isa = PBXFileReference; lastKnownFileType = "wrapper.pb-project"; name = SimpleArrays.xcodeproj; path = SimpleArrays/SimpleArrays.xcodeproj; sourceTree = "<group>"; };
/* End PBXFileReference section */

/* Begin PBXGroup section */
		7B1D76522CF96080004B2848 = {
			isa = PBXGroup;
			children = (
				7B1D76872CF960D4004B2848 /* SimpleArrays.xcodeproj */,
			);
			sourceTree = "<group>";
		};
		7B1D76882CF960D4004B2848 /* Products */ = {
			isa = PBXGroup;
			children = (
			);
			name = Products;
			sourceTree = "<group>";
		};
/* End PBXGroup section */

/* Begin PBXProject section */
		7B1D76532CF96080004B2848 /* Project object */ = {
			isa = PBXProject;
			attributes = {
				BuildIndependentTargetsInParallel = 1;
				LastUpgradeCheck = 1600;
			};
			buildConfigurationList = 7B1D76562CF96080004B2848 /* Build configuration list for PBXProject "DataStructures" */;
			developmentRegion = en;
			hasScannedForEncodings = 0;
			knownRegions = (
				en,
				Base,
			);
			mainGroup = 7B1D76522CF96080004B2848;
			minimizedProjectReferenceProxies = 1;
			preferredProjectObjectVersion = 77;
			projectDirPath = "";
			projectReferences = (
				{
					ProductGroup = 7B1D76882CF960D4004B2848 /* Products */;
					ProjectRef = 7B1D76872CF960D4004B2848 /* SimpleArrays.xcodeproj */;
				},
			);
			projectRoot = "";
			targets = (
			);
		};
/* End PBXProject section */

/* Begin XCBuildConfiguration section */
		7B1D76572CF96080004B2848 /* Debug */ = {
			isa = XCBuildConfiguration;
			buildSettings = {
			};
			name = Debug;
		};
		7B1D76582CF96080004B2848 /* Release */ = {
			isa = XCBuildConfiguration;
			buildSettings = {
			};
			name = Release;
		};
/* End XCBuildConfiguration section */

/* Begin XCConfigurationList section */
		7B1D76562CF96080004B2848 /* Build configuration list for PBXProject "DataStructures" */ = {
			isa = XCConfigurationList;
			buildConfigurations = (
				7B1D76572CF96080004B2848 /* Debug */,
				7B1D76582CF96080004B2848 /* Release */,
			);
			defaultConfigurationIsVisible = 0;
			defaultConfigurationName = Release;
		};
/* End XCConfigurationList section */
	};
	rootObject = 7B1D76532CF96080004B2848 /* Project object */;
}
